
Microsoft Visual Studio Solution File, Format Version 12.00
# Visual Studio 15
VisualStudioVersion = 15.0.28010.2046
MinimumVisualStudioVersion = 10.0.40219.1
Project("{FAE04EC0-301F-11D3-BF4B-00C04F79EFBC}") = "HelloWorld", "HelloWorld\HelloWorld.csproj", "{ABC1E147-6051-4DC2-9F0A-57CDC5A2626E}"
EndProject
Global
	GlobalSection(SolutionConfigurationPlatforms) = preSolution
		Debug|Any CPU = Debug|Any CPU
		Release|Any CPU = Release|Any CPU
	EndGlobalSection
	GlobalSection(ProjectConfigurationPlatforms) = postSolution
		{ABC1E147-6051-4DC2-9F0A-57CDC5A2626E}.Debug|Any CPU.ActiveCfg = Debug|Any CPU
		{ABC1E147-6051-4DC2-9F0A-57CDC5A2626E}.Debug|Any CPU.Build.0 = Debug|Any CPU
		{ABC1E147-6051-4DC2-9F0A-57CDC5A2626E}.Release|Any CPU.ActiveCfg = Release|Any CPU
		{ABC1E147-6051-4DC2-9F0A-57CDC5A2626E}.Release|Any CPU.Build.0 = Release|Any CPU
	EndGlobalSection
	GlobalSection(SolutionProperties) = preSolution
		HideSolutionNode = FALSE
	EndGlobalSection
	GlobalSection(ExtensibilityGlobals) = postSolution
		SolutionGuid = {684C29FF-D544-4474-9540-23FA71EE9EB8}
	EndGlobalSection
EndGlobal
