
Microsoft Visual Studio Solution File, Format Version 12.00
# Visual Studio 15
VisualStudioVersion = 15.0.28010.2046
MinimumVisualStudioVersion = 10.0.40219.1
Project("{FAE04EC0-301F-11D3-BF4B-00C04F79EFBC}") = "HelloWorld", "HelloWorld\HelloWorld.csproj", "{DA5F62E4-B944-4F10-BFE4-E55568EE0978}"
EndProject
Global
	GlobalSection(SolutionConfigurationPlatforms) = preSolution
		Debug|Any CPU = Debug|Any CPU
		Release|Any CPU = Release|Any CPU
	EndGlobalSection
	GlobalSection(ProjectConfigurationPlatforms) = postSolution
		{DA5F62E4-B944-4F10-BFE4-E55568EE0978}.Debug|Any CPU.ActiveCfg = Debug|Any CPU
		{DA5F62E4-B944-4F10-BFE4-E55568EE0978}.Debug|Any CPU.Build.0 = Debug|Any CPU
		{DA5F62E4-B944-4F10-BFE4-E55568EE0978}.Release|Any CPU.ActiveCfg = Release|Any CPU
		{DA5F62E4-B944-4F10-BFE4-E55568EE0978}.Release|Any CPU.Build.0 = Release|Any CPU
	EndGlobalSection
	GlobalSection(SolutionProperties) = preSolution
		HideSolutionNode = FALSE
	EndGlobalSection
	GlobalSection(ExtensibilityGlobals) = postSolution
		SolutionGuid = {34BD04CA-84D9-4B8C-A93F-7C205FA5B84E}
	EndGlobalSection
EndGlobal
